
Microsoft Visual Studio Solution File, Format Version 12.00
# Visual Studio Version 17
VisualStudioVersion = 17.14.37502.11 d17.14
MinimumVisualStudioVersion = 10.0.40219.1
Project("{FAE04EC0-301F-11D3-BF4B-00C04F79EFBC}") = "CardTrader3000UI", "CardTrader3000UI\CardTrader3000UI.csproj", "{155893EE-3474-4F06-AF94-E07F9DE95192}"
EndProject
Global
	GlobalSection(SolutionConfigurationPlatforms) = preSolution
		Debug|Any CPU = Debug|Any CPU
		Release|Any CPU = Release|Any CPU
	EndGlobalSection
	GlobalSection(ProjectConfigurationPlatforms) = postSolution
		{155893EE-3474-4F06-AF94-E07F9DE95192}.Debug|Any CPU.ActiveCfg = Debug|Any CPU
		{155893EE-3474-4F06-AF94-E07F9DE95192}.Debug|Any CPU.Build.0 = Debug|Any CPU
		{155893EE-3474-4F06-AF94-E07F9DE95192}.Release|Any CPU.ActiveCfg = Release|Any CPU
		{155893EE-3474-4F06-AF94-E07F9DE95192}.Release|Any CPU.Build.0 = Release|Any CPU
	EndGlobalSection
	GlobalSection(SolutionProperties) = preSolution
		HideSolutionNode = FALSE
	EndGlobalSection
	GlobalSection(ExtensibilityGlobals) = postSolution
		SolutionGuid = {70B90541-130B-46A5-972F-712F15AC1339}
	EndGlobalSection
EndGlobal
